# THIS IS AN AUTOGENERATED FILE. DO NOT EDIT THIS FILE DIRECTLY.
# yarn lockfile v1


"@jridgewell/gen-mapping@^0.3.5":
  version "0.3.5"
  resolved "https://registry.npmjs.org/@jridgewell/gen-mapping/-/gen-mapping-0.3.5.tgz"
  integrity sha512-IzL8ZoEDIBRWEzlCcRhOaCupYyN5gdIK+Q6fbFdPDg6HqX6jpkItn7DFIpW9LQzXG6Df9sA7+OKnq0qlz/GaQg==
  dependencies:
    "@jridgewell/set-array" "^1.2.1"
    "@jridgewell/sourcemap-codec" "^1.4.10"
    "@jridgewell/trace-mapping" "^0.3.24"

"@jridgewell/resolve-uri@^3.1.0":
  version "3.1.2"
  resolved "https://registry.npmjs.org/@jridgewell/resolve-uri/-/resolve-uri-3.1.2.tgz"
  integrity sha512-bRISgCIjP20/tbWSPWMEi54QVPRZExkuD9lJL+UIxUKtwVJA8wW1Trb1jMs1RFXo1CBTNZ/5hpC9QvmKWdopKw==

"@jridgewell/set-array@^1.2.1":
  version "1.2.1"
  resolved "https://registry.npmjs.org/@jridgewell/set-array/-/set-array-1.2.1.tgz"
  integrity sha512-R8gLRTZeyp03ymzP/6Lil/28tGeGEzhx1q2k703KGWRAI1VdvPIXdG70VJc2pAMw3NA6JKL5hhFu1sJX0Mnn/A==

"@jridgewell/source-map@^0.3.3":
  version "0.3.6"
  resolved "https://registry.npmjs.org/@jridgewell/source-map/-/source-map-0.3.6.tgz"
  integrity sha512-1ZJTZebgqllO79ue2bm3rIGud/bOe0pP5BjSRCRxxYkEZS8STV7zN84UBbiYu7jy+eCKSnVIUgoWWE/tt+shMQ==
  dependencies:
    "@jridgewell/gen-mapping" "^0.3.5"
    "@jridgewell/trace-mapping" "^0.3.25"

"@jridgewell/sourcemap-codec@^1.4.10", "@jridgewell/sourcemap-codec@^1.4.14", "@jridgewell/sourcemap-codec@^1.5.5":
  version "1.6.0"
  resolved "https://registry.npmjs.org/@jridgewell/sourcemap-codec/-/sourcemap-codec-1.6.0.tgz"
  integrity sha512-T7jf+5zgsZHwNJ4lvQ7/aezbyk0nNX+zJVWpmHA7VYsEx7a7qr5Rg5IbtJFqkgze5Y2sruq1RUY8Q837Od7iFw==

"@jridgewell/trace-mapping@^0.3.24", "@jridgewell/trace-mapping@^0.3.25":
  version "0.3.25"
  resolved "https://registry.npmjs.org/@jridgewell/trace-mapping/-/trace-mapping-0.3.25.tgz"
  integrity sha512-vNk6aEwybGtawWmy/PzwnGDOjCkLWSD2wqvjGGAgOAwCGWySYXfYoxt00IJkTF+8Lb57DwOb3Aa0o9CApepiYQ==
  dependencies:
    "@jridgewell/resolve-uri" "^3.1.0"
    "@jridgewell/sourcemap-codec" "^1.4.14"

"@mongodb-js/saslprep@^1.5.0":
  version "1.6.0"
  resolved "https://registry.npmjs.org/@mongodb-js/saslprep/-/saslprep-1.6.0.tgz"
  integrity sha512-19jGXfpctLDJUELLUZGJ5BllcLT7rHdF+gTTaN2jzqu0bGkUhpdcYtgK2Vux+g3zuBAa0TM/W666QMIjYhYujw==
  dependencies:
    sparse-bitfield "^3.0.3"

"@pkgr/core@^0.2.7":
  version "0.2.10"
  resolved "https://registry.npmjs.org/@pkgr/core/-/core-0.2.10.tgz"
  integrity sha512-x6fFWCeak8aCGfqZfe6CXYt5xVjxe9Os1cIPmVRcToInKLjhJkRVXvJ/L3/1KxFkjDQdbZV/YsuLKqa8t/xKpA==

"@rollup/plugin-replace@^6.0.3":
  version "6.0.3"
  resolved "https://registry.npmjs.org/@rollup/plugin-replace/-/plugin-replace-6.0.3.tgz"
  integrity sha512-J4RZarRvQAm5IF0/LwUUg+obsm+xZhYnbMXmXROyoSE1ATJe3oXSb9L5MMppdxP2ylNSjv6zFBwKYjcKMucVfA==
  dependencies:
    "@rollup/pluginutils" "^5.0.1"
    magic-string "^0.30.3"

"@rollup/plugin-terser@^1.0.0":
  version "1.0.0"
  resolved "https://registry.npmjs.org/@rollup/plugin-terser/-/plugin-terser-1.0.0.tgz"
  integrity sha512-FnCxhTBx6bMOYQrar6C8h3scPt8/JwIzw3+AJ2K++6guogH5fYaIFia+zZuhqv0eo1RN7W1Pz630SyvLbDjhtQ==
  dependencies:
    serialize-javascript "^7.0.3"
    smob "^1.0.0"
    terser "^5.17.4"

"@rollup/plugin-typescript@^12.3.0":
  version "12.3.0"
  resolved "https://registry.npmjs.org/@rollup/plugin-typescript/-/plugin-typescript-12.3.0.tgz"
  integrity sha512-7DP0/p7y3t67+NabT9f8oTBFE6gGkto4SA6Np2oudYmZE/m1dt8RB0SjL1msMxFpLo631qjRCcBlAbq1ml/Big==
  dependencies:
    "@rollup/pluginutils" "^5.1.0"
    resolve "^1.22.1"

"@rollup/pluginutils@^5.0.1", "@rollup/pluginutils@^5.1.0":
  version "5.4.0"
  resolved "https://registry.npmjs.org/@rollup/pluginutils/-/pluginutils-5.4.0.tgz"
  integrity sha512-MfPp06CjRLfXQ3wY0R8vJDYBy/MvVcc9OulEfR0B8Iv9ko+GCNaRZ+EpJYFl27LhKsZK0o420sYCRHCjfCgeUg==
  dependencies:
    "@types/estree" "^1.0.0"
    estree-walker "^2.0.2"
    picomatch "^4.0.2"

"@rollup/rollup-darwin-arm64@4.64.2":
  version "4.64.2"
  resolved "https://registry.npmjs.org/@rollup/rollup-darwin-arm64/-/rollup-darwin-arm64-4.64.2.tgz"
  integrity sha512-hNmuIHv+LnrP/+q/44vsmIMWfoh7X2YXOp5FLtjGuvqN52VdtFpOpnshTc1k28tWv1wE/0D5gLjsozBUowEGbQ==

"@types/estree@^1.0.0", "@types/estree@1.0.9":
  version "1.0.9"
  resolved "https://registry.npmjs.org/@types/estree/-/estree-1.0.9.tgz"
  integrity sha512-GhdPgy1el4/ImP05X05Uw4cw2/M93BCUmnEvWZNStlCzEKME4Fkk+YpoA5OiHNQmoS7Cafb8Xa3Pya8m1Qrzeg==

"@types/node@*", "@types/node@^26.6.4":
  version "26.6.4"
  resolved "https://registry.npmjs.org/@types/node/-/node-26.6.4.tgz"
  integrity sha512-ldVPDCzj7fsaGZrLB0NuHuTvJcsNasysBAqMolr/cgxrLd1xbqxIr3XJiPnHHJUCxj5sNF1vnRj9aWnrVh5Jcg==
  dependencies:
    undici-types "~8.9.0"

"@types/webidl-conversions@*":
  version "7.0.3"
  resolved "https://registry.npmjs.org/@types/webidl-conversions/-/webidl-conversions-7.0.3.tgz"
  integrity sha512-CiJJvcRtIgzadHCYXw7dqEnMNRjhGZlYK05Mj9OyktqV8uVT8fD2BFOB7S1uwBE3Kj2Z+4UyPmFw/Ixgw/LAlA==

"@types/whatwg-url@^13.0.0":
  version "13.0.0"
  resolved "https://registry.npmjs.org/@types/whatwg-url/-/whatwg-url-13.0.0.tgz"
  integrity sha512-N8WXpbE6Wgri7KUSvrmQcqrMllKZ9uxkYWMt+mCSGwNc0Hsw9VQTW7ApqI4XNrx6/SaM2QQJCzMPDEXE058s+Q==
  dependencies:
    "@types/webidl-conversions" "*"

acorn@^8.8.2:
  version "8.11.3"
  resolved "https://registry.npmjs.org/acorn/-/acorn-8.11.3.tgz"
  integrity sha512-Y9rRfJG5jcKOE0CLisYbojUjIrIEE7AGMzA/Sm4BslANhbS+cDMpgBdcPT91oJ7OuJ9hYJBx59RjbhxVnrF8Xg==

argparse@^2.0.1:
  version "2.0.1"
  resolved "https://registry.npmjs.org/argparse/-/argparse-2.0.1.tgz"
  integrity sha512-8+9WqebbFzpX9OR+Wa6O29asIogeRMzcGtAINdpMHHyAg10f05aSFVBbcEqGf/PXw1EjAZ+q2/bEBg3DvurK3Q==

balanced-match@^4.0.2:
  version "4.0.4"
  resolved "https://registry.npmjs.org/balanced-match/-/balanced-match-4.0.4.tgz"
  integrity sha512-BLrgEcRTwX2o6gGxGOCNyMvGSp35YofuYzw9h1IMTRmKqttAZZVU67bdb9Pr2vUHA8+j3i2tJfjO6C6+4myGTA==

brace-expansion@^5.0.8:
  version "5.0.12"
  resolved "https://registry.npmjs.org/brace-expansion/-/brace-expansion-5.0.12.tgz"
  integrity sha512-YovQ3rzhaLMIrDjNDMkNS01tea93qhEhG5xy8f6+R0l+dw3Ki+5sCoIoI942iuLZTHWogWktgwVDhU09iNEimQ==
  dependencies:
    balanced-match "^4.0.2"

browser-stdout@^1.3.1:
  version "1.3.1"
  resolved "https://registry.npmjs.org/browser-stdout/-/browser-stdout-1.3.1.tgz"
  integrity sha512-qhAVI1+Av2X7qelOfAIYwXONood6XlZE/fXaBSmW/T5SzLAmCgzi+eiWE7fUvbHaeNBQH13UftjpXxsfLkMpgw==

bson@^7.3.2, bson@^7.3.3:
  version "7.3.3"
  resolved "https://registry.npmjs.org/bson/-/bson-7.3.3.tgz"
  integrity sha512-oz3LwE3qGEhTCSyhzQRLY3Bj1NLOsjFMf6tcmY5J8M+3R7EVcmoBfSHWvjUK3yXCLDUsGpIuB3aQL4nDZ1EV/g==

buffer-from@^1.0.0:
  version "1.1.2"
  resolved "https://registry.npmjs.org/buffer-from/-/buffer-from-1.1.2.tgz"
  integrity sha512-E+XQCRwSbaaiChtv6k6Dwgc+bx+Bs6vuKJHHl5kox/BaKbhiXzqQOwK4cO22yElGp2OCmjwVhT3HmxgyPGnJfQ==

chokidar@^5.0.0:
  version "5.0.0"
  resolved "https://registry.npmjs.org/chokidar/-/chokidar-5.0.0.tgz"
  integrity sha512-TQMmc3w+5AxjpL8iIiwebF73dRDF4fBIieAqGn9RGCWaEVwQ6Fb2cGe31Yns0RRIzii5goJ1Y7xbMwo1TxMplw==
  dependencies:
    readdirp "^5.0.0"

commander@^2.20.0:
  version "2.20.3"
  resolved "https://registry.npmjs.org/commander/-/commander-2.20.3.tgz"
  integrity sha512-GpVkmM8vF2vQUkj2LvZmD35JxeJOLCwJ9cUkugyk2nuhbv3+mJvpLYYt+0+USMxE+oj+ey/lJEnhZw75x/OMcQ==

debug@^4.3.5:
  version "4.4.3"
  resolved "https://registry.npmjs.org/debug/-/debug-4.4.3.tgz"
  integrity sha512-RGwwWnwQvkVfavKVt22FGLw+xYSdzARwm0ru6DhTVA3umU5hZc28V3kO4stgYryrTlLpuvgI9GiijltAjNbcqA==
  dependencies:
    ms "^2.1.3"

diff@^9.0.0:
  version "9.0.0"
  resolved "https://registry.npmjs.org/diff/-/diff-9.0.0.tgz"
  integrity sha512-svtcdpS8CgJyqAjEQIXdb3OjhFVVYjzGAPO8WGCmRbrml64SPw/jJD4GoE98aR7r25A0XcgrK3F02yw9R/vhQw==

estree-walker@^2.0.2:
  version "2.0.2"
  resolved "https://registry.npmjs.org/estree-walker/-/estree-walker-2.0.2.tgz"
  integrity sha512-Rfkk/Mp/DL7JVje3u18FxFujQlTNR2q6QfMSMB7AvCBx91NGj/ba3kCfza0f6dVDbw7YlRf/nDrn7pQrCCyQ/w==

eval@^0.1.8:
  version "0.1.8"
  resolved "https://registry.npmjs.org/eval/-/eval-0.1.8.tgz"
  integrity sha512-EzV94NYKoO09GLXGjXj9JIlXijVck4ONSr5wiCWDvhsvj5jxSrzTmRU/9C1DyB6uToszLs8aifA6NQ7lEQdvFw==
  dependencies:
    "@types/node" "*"
    require-like ">= 0.1.1"

find-up-simple@^1.0.1:
  version "1.0.1"
  resolved "https://registry.npmjs.org/find-up-simple/-/find-up-simple-1.0.1.tgz"
  integrity sha512-afd4O7zpqHeRyg4PfDQsXmlDe2PfdHtJt6Akt8jOWaApLOZk5JXs6VMR29lz03pRe9mpykrRCYIYxaJYcfpncQ==

fsevents@~2.3.2:
  version "2.3.3"
  resolved "https://registry.npmjs.org/fsevents/-/fsevents-2.3.3.tgz"
  integrity sha512-5xoDfX+fL7faATnagmWPpbFtwh/R77WmMMqqHGS65C3vvB0YHrgF+B1YmZ3441tMj5n63k0212XNoJwzlhffQw==

function-bind@^1.1.2:
  version "1.1.2"
  resolved "https://registry.npmjs.org/function-bind/-/function-bind-1.1.2.tgz"
  integrity sha512-7XHNxH7qX9xG5mIwxkhumTox/MIRNcOgDrxWsMt2pAr23WHp6MrRlN7FBSFpCpr+oVO0F744iUgR82nJMfG2SA==

glob@^13.0.0, glob@^13.0.3:
  version "13.0.6"
  resolved "https://registry.npmjs.org/glob/-/glob-13.0.6.tgz"
  integrity sha512-Wjlyrolmm8uDpm/ogGyXZXb1Z+Ca2B8NbJwqBVg0axK9GbBeoS7yGV6vjXnYdGm6X53iehEuxxbyiKp8QmN4Vw==
  dependencies:
    minimatch "^10.2.2"
    minipass "^7.1.3"
    path-scurry "^2.0.2"

has-flag@^4.0.0:
  version "4.0.0"
  resolved "https://registry.npmjs.org/has-flag/-/has-flag-4.0.0.tgz"
  integrity sha512-EykJT/Q1KjTWctppgIAgfSO0tKVuZUjhgMr17kqTumMl6Afv3EISleU7qZUzoXDFTAHTDC4NOoG/ZxU3EvlMPQ==

hasown@^2.0.0:
  version "2.0.2"
  resolved "https://registry.npmjs.org/hasown/-/hasown-2.0.2.tgz"
  integrity sha512-0hJU9SCPvmMzIBdZFqNPXWa6dqh7WdH0cII9y+CyS8rG3nL48Bclra9HmKhVVUHyPWNH5Y7xDwAB7bfgSjkUMQ==
  dependencies:
    function-bind "^1.1.2"

husky@^9.1.7:
  version "9.1.7"
  resolved "https://registry.npmjs.org/husky/-/husky-9.1.7.tgz"
  integrity sha512-5gs5ytaNjBrh5Ow3zrvdUUY+0VxIuWVL4i9irt6friV+BqdCfmV11CQTWMiBYWHbXhco+J1kHfTOUkePhCDvMA==

ignore@^7.0.5:
  version "7.0.12"
  resolved "https://registry.npmjs.org/ignore/-/ignore-7.0.12.tgz"
  integrity sha512-/8UvqAPU9DGTI9k4mxtf49U37Isfwr8Uts96+SBHIkFxPJnHS0Ew4f00sM4Scd8V8EjM0jUNtVDdv1kPdt35lg==

is-core-module@^2.13.0:
  version "2.13.1"
  resolved "https://registry.npmjs.org/is-core-module/-/is-core-module-2.13.1.tgz"
  integrity sha512-hHrIjvZsftOsvKSn2TRYl63zvxsgE0K+0mYMoH6gD4omR5IWB2KynivBQczo3+wF1cCkjzvptnI9Q0sPU66ilw==
  dependencies:
    hasown "^2.0.0"

is-path-inside@^4.0.0:
  version "4.0.0"
  resolved "https://registry.npmjs.org/is-path-inside/-/is-path-inside-4.0.0.tgz"
  integrity sha512-lJJV/5dYS+RcL8uQdBDW9c9uWFLLBNRyFhnAKXw5tVqLlKZ4RMGZKv+YQ/IA3OhD+RpbJa1LLFM1FQPGyIXvOA==

is-unicode-supported@^0.1.0:
  version "0.1.0"
  resolved "https://registry.npmjs.org/is-unicode-supported/-/is-unicode-supported-0.1.0.tgz"
  integrity sha512-knxG2q4UC3u8stRGyAVJCOdxFmv5DZiRcdlIaAQXAbSfJya+OhopNotLQrstBhququ4ZpuKbDc/8S6mgXgPFPw==

js-yaml@^5.0.0:
  version "5.4.3"
  resolved "https://registry.npmjs.org/js-yaml/-/js-yaml-5.4.3.tgz"
  integrity sha512-yzzNtgczwgoVHNigCyKTXcQJU4Y8t/ikU4UxXW0BvrLfHTGWZhsNcOT2s/a7vn81/4KqVnNmHjaUEPlvWnNwVw==
  dependencies:
    argparse "^2.0.1"

lru-cache@^11.0.0:
  version "11.5.3"
  resolved "https://registry.npmjs.org/lru-cache/-/lru-cache-11.5.3.tgz"
  integrity sha512-U4N8FgzmWxc8k1VH8Kr6lQg18U7Fjvby6wXHVRX/ZZ7IwWbRMgrRbP0Wrb5q5NVinryp4SQampHKdvtecItxUg==

magic-string@^0.30.3:
  version "0.30.21"
  resolved "https://registry.npmjs.org/magic-string/-/magic-string-0.30.21.tgz"
  integrity sha512-vd2F4YUyEXKGcLHoq+TEyCjxueSeHnFxyyjNp80yg0XV4vUhnDer/lvvlqM/arB5bXQN5K2/3oinyCRyx8T2CQ==
  dependencies:
    "@jridgewell/sourcemap-codec" "^1.5.5"

memory-pager@^1.0.2:
  version "1.5.0"
  resolved "https://registry.npmjs.org/memory-pager/-/memory-pager-1.5.0.tgz"
  integrity sha512-ZS4Bp4r/Zoeq6+NLJpP+0Zzm0pR8whtGPf1XExKLJBAczGMnSi3It14OiNCStjQjM6NU1okjQGSxgEZN8eBYKg==

minimatch@^10.2.2:
  version "10.2.6"
  resolved "https://registry.npmjs.org/minimatch/-/minimatch-10.2.6.tgz"
  integrity sha512-vpLQEs+VLCr1nU0BXS07maYoFwlDAH0gngQuuttxIwutDFEMHq2blX+8vpgxDdK3J1PwjCJiep77OitTZ4Ll1A==
  dependencies:
    brace-expansion "^5.0.8"

minipass@^7.1.2, minipass@^7.1.3:
  version "7.1.3"
  resolved "https://registry.npmjs.org/minipass/-/minipass-7.1.3.tgz"
  integrity sha512-tEBHqDnIoM/1rXME1zgka9g6Q2lcoCkxHLuc7ODJ5BxbP5d4c2Z5cGgtXAku59200Cx7diuHTOYfSBD8n6mm8A==

mocha@^12.0.3:
  version "12.0.3"
  resolved "https://registry.npmjs.org/mocha/-/mocha-12.0.3.tgz"
  integrity sha512-beammieDdiWdkjANWeWPpkxUROYGi5FN88fPOkLiticz7HTg3Y+Pho3EYE6SUdcuWnZ3h2WD8EXCA55JF4o6wg==
  dependencies:
    browser-stdout "^1.3.1"
    chokidar "^5.0.0"
    debug "^4.3.5"
    diff "^9.0.0"
    find-up-simple "^1.0.1"
    glob "^13.0.0"
    is-path-inside "^4.0.0"
    is-unicode-supported "^0.1.0"
    js-yaml "^5.0.0"
    minimatch "^10.2.2"
    ms "^2.1.3"
    picocolors "^1.1.1"
    serialize-javascript "^7.1.1"
    strip-json-comments "^5.0.3"
    supports-color "^8.1.1"
    workerpool "^10.0.0"

mongodb-connection-string-url@^7.0.2:
  version "7.0.2"
  resolved "https://registry.npmjs.org/mongodb-connection-string-url/-/mongodb-connection-string-url-7.0.2.tgz"
  integrity sha512-ZoS07RoFqpKYQwAk59qmrx8+jJHNHU30UjlU96QktiGn1ltvDr+vCznLX5DiUBLEpMAHatHNWV1nM/74ul66kA==
  dependencies:
    "@types/whatwg-url" "^13.0.0"
    whatwg-url "^14.1.0"

mongodb@^7.7.0:
  version "7.7.0"
  resolved "https://registry.npmjs.org/mongodb/-/mongodb-7.7.0.tgz"
  integrity sha512-XG1xXEqyouAV8GCb3PuRaujofeXKpAJAPvXYWZgHl6Dz4QHSJ1nRLl0+GpqaLTwKvC0RFE9truOur34RNFY1nw==
  dependencies:
    "@mongodb-js/saslprep" "^1.5.0"
    bson "^7.3.2"
    mongodb-connection-string-url "^7.0.2"

mri@^1.2.0:
  version "1.2.0"
  resolved "https://registry.npmjs.org/mri/-/mri-1.2.0.tgz"
  integrity sha512-tzzskb3bG8LvYGFF/mDTpq3jpI6Q9wc3LEmBaghu+DdCssd1FakN7Bc0hVNmEyGq1bq3RgfkCb3cmQLpNPOroA==

ms@^2.1.3:
  version "2.1.3"
  resolved "https://registry.npmjs.org/ms/-/ms-2.1.3.tgz"
  integrity sha512-6FlzubTLZG3J2a/NVCAleEhjzq5oxgHyaCU9yYXvcLsvoVaHJq/s5xXI6/XXP6tz7R9xAOtHnSO/tXtF3WRTlA==

package-json-from-dist@^1.0.1:
  version "1.0.1"
  resolved "https://registry.npmjs.org/package-json-from-dist/-/package-json-from-dist-1.0.1.tgz"
  integrity sha512-UEZIS3/by4OC8vL3P2dTXRETpebLI2NiI5vIrjaD/5UtrkFX/tNbwjTSRAGC/+7CAo2pIcBaRgWmcBBHcsaCIw==

path-parse@^1.0.7:
  version "1.0.7"
  resolved "https://registry.npmjs.org/path-parse/-/path-parse-1.0.7.tgz"
  integrity sha512-LDJzPVEEEPR+y48z93A0Ed0yXb8pAByGWo/k5YYdYgpY2/2EsOsksJrq7lOHxryrVOn1ejG6oAp8ahvOIQD8sw==

path-scurry@^2.0.2:
  version "2.0.2"
  resolved "https://registry.npmjs.org/path-scurry/-/path-scurry-2.0.2.tgz"
  integrity sha512-3O/iVVsJAPsOnpwWIeD+d6z/7PmqApyQePUtCndjatj/9I5LylHvt5qluFaBT3I5h3r1ejfR056c+FCv+NnNXg==
  dependencies:
    lru-cache "^11.0.0"
    minipass "^7.1.2"

picocolors@^1.1.1:
  version "1.1.1"
  resolved "https://registry.npmjs.org/picocolors/-/picocolors-1.1.1.tgz"
  integrity sha512-xceH2snhtb5M9liqDsmEw56le376mTZkEX/jEb/RxNFyegNul7eNslCXP9FDj/Lcu0X8KEyMceP2ntpaHrDEVA==

picomatch@^4.0.2:
  version "4.0.7"
  resolved "https://registry.npmjs.org/picomatch/-/picomatch-4.0.7.tgz"
  integrity sha512-qcJu88Q2IWqJsDD529JKMdwGm/dvInW4HvQnRwiH9JtihJvzGOscDtHE3x1pBKeUOTysQ8kVmLnJ2kJu7yhcGA==

prettier@^3.0.0, prettier@^3.9.9:
  version "3.9.9"
  resolved "https://registry.npmjs.org/prettier/-/prettier-3.9.9.tgz"
  integrity sha512-Z/CJHIkdujO/OtN7nXUii0Rf3VT5SRuhjBA82Xvu2XhBUgX3nhP67T0LHceBdQLex7OOFGTox+Q5Yg8Jk2Qivg==

pretty-quick@^4.2.2:
  version "4.2.2"
  resolved "https://registry.npmjs.org/pretty-quick/-/pretty-quick-4.2.2.tgz"
  integrity sha512-uAh96tBW1SsD34VhhDmWuEmqbpfYc/B3j++5MC/6b3Cb8Ow7NJsvKFhg0eoGu2xXX+o9RkahkTK6sUdd8E7g5w==
  dependencies:
    "@pkgr/core" "^0.2.7"
    ignore "^7.0.5"
    mri "^1.2.0"
    picocolors "^1.1.1"
    picomatch "^4.0.2"
    tinyexec "^0.3.2"
    tslib "^2.8.1"

punycode@^2.3.1:
  version "2.3.1"
  resolved "https://registry.npmjs.org/punycode/-/punycode-2.3.1.tgz"
  integrity sha512-vYt7UD1U9Wg6138shLtLOvdAu+8DsC/ilFtEVHcH+wydcSpNE20AfSOduf6MkRFahL5FY7X1oU7nKVZFtfq8Fg==

readdirp@^5.0.0:
  version "5.1.1"
  resolved "https://registry.npmjs.org/readdirp/-/readdirp-5.1.1.tgz"
  integrity sha512-Kko+Y5XQ6fM+Ce3dq3m9YGxnacYZYl9cA1wZjaF3Vbry2L3i1qVg8+CAgNPsXRArPMUMCaOR7oa9Nqntc43JKA==

"require-like@>= 0.1.1":
  version "0.1.2"
  resolved "https://registry.npmjs.org/require-like/-/require-like-0.1.2.tgz"
  integrity sha512-oyrU88skkMtDdauHDuKVrgR+zuItqr6/c//FXzvmxRGMexSDc6hNvJInGW3LL46n+8b50RykrvwSUIIQH2LQ5A==

resolve@^1.22.1:
  version "1.22.8"
  resolved "https://registry.npmjs.org/resolve/-/resolve-1.22.8.tgz"
  integrity sha512-oKWePCxqpd6FlLvGV1VU0x7bkPmmCNolxzjMf4NczoDnQcIWrAF+cPtZn5i6n+RfD2d9i0tzpKnG6Yk168yIyw==
  dependencies:
    is-core-module "^2.13.0"
    path-parse "^1.0.7"
    supports-preserve-symlinks-flag "^1.0.0"

rimraf@^6.1.3:
  version "6.1.3"
  resolved "https://registry.npmjs.org/rimraf/-/rimraf-6.1.3.tgz"
  integrity sha512-LKg+Cr2ZF61fkcaK1UdkH2yEBBKnYjTyWzTJT6KNPcSPaiT7HSdhtMXQuN5wkTX0Xu72KQ1l8S42rlmexS2hSA==
  dependencies:
    glob "^13.0.3"
    package-json-from-dist "^1.0.1"

rollup@^1.20.0||^2.0.0||^3.0.0||^4.0.0, rollup@^2.0.0||^3.0.0||^4.0.0, rollup@^2.14.0||^3.0.0||^4.0.0, rollup@^4.64.2:
  version "4.64.2"
  resolved "https://registry.npmjs.org/rollup/-/rollup-4.64.2.tgz"
  integrity sha512-RxXm0XVVV1hFI3dYe12ruaOgsYQ725lUcUWeMSQqkF9tTxVErY+fy2Ets6vWhItL9MZMSNZGbvZFc7rH/VHp2Q==
  dependencies:
    "@types/estree" "1.0.9"
  optionalDependencies:
    "@napi-rs/lzma-linux-x64-gnu" "1.5.1"
    "@rollup/rollup-android-arm-eabi" "4.64.2"
    "@rollup/rollup-android-arm64" "4.64.2"
    "@rollup/rollup-darwin-arm64" "4.64.2"
    "@rollup/rollup-darwin-x64" "4.64.2"
    "@rollup/rollup-freebsd-arm64" "4.64.2"
    "@rollup/rollup-freebsd-x64" "4.64.2"
    "@rollup/rollup-linux-arm-gnueabihf" "4.64.2"
    "@rollup/rollup-linux-arm-musleabihf" "4.64.2"
    "@rollup/rollup-linux-arm64-gnu" "4.64.2"
    "@rollup/rollup-linux-arm64-musl" "4.64.2"
    "@rollup/rollup-linux-loong64-gnu" "4.64.2"
    "@rollup/rollup-linux-loong64-musl" "4.64.2"
    "@rollup/rollup-linux-ppc64-gnu" "4.64.2"
    "@rollup/rollup-linux-ppc64-musl" "4.64.2"
    "@rollup/rollup-linux-riscv64-gnu" "4.64.2"
    "@rollup/rollup-linux-riscv64-musl" "4.64.2"
    "@rollup/rollup-linux-s390x-gnu" "4.64.2"
    "@rollup/rollup-linux-x64-gnu" "4.64.2"
    "@rollup/rollup-linux-x64-musl" "4.64.2"
    "@rollup/rollup-openbsd-x64" "4.64.2"
    "@rollup/rollup-openharmony-arm64" "4.64.2"
    "@rollup/rollup-win32-arm64-msvc" "4.64.2"
    "@rollup/rollup-win32-ia32-msvc" "4.64.2"
    "@rollup/rollup-win32-x64-gnu" "4.64.2"
    "@rollup/rollup-win32-x64-msvc" "4.64.2"
    fsevents "~2.3.2"

serialize-javascript@^7.0.3, serialize-javascript@^7.1.1:
  version "7.1.2"
  resolved "https://registry.npmjs.org/serialize-javascript/-/serialize-javascript-7.1.2.tgz"
  integrity sha512-GL2BWwVa6JydKO6l/ljVgjAZF4QJ3S7dWDWi53s5GZT8PJzD2fNxi67HANQGKAqPrwEpL5ba7gUBGi0Ls/sEoQ==

smob@^1.0.0:
  version "1.6.2"
  resolved "https://registry.npmjs.org/smob/-/smob-1.6.2.tgz"
  integrity sha512-RQsvleCbF8cVHEv+xuDGaA4pOizFqJ0GgjtMSRo6oP8pnN7WsigHgVGey6aILRBKv4W2YOMHLqbKdnB6hpB9fw==

source-map-support@~0.5.20:
  version "0.5.21"
  resolved "https://registry.npmjs.org/source-map-support/-/source-map-support-0.5.21.tgz"
  integrity sha512-uBHU3L3czsIyYXKX88fdrGovxdSCoTGDRZ6SYXtSRxLZUzHg5P/66Ht6uoUlHu9EZod+inXhKo3qQgwXUT/y1w==
  dependencies:
    buffer-from "^1.0.0"
    source-map "^0.6.0"

source-map@^0.6.0:
  version "0.6.1"
  resolved "https://registry.npmjs.org/source-map/-/source-map-0.6.1.tgz"
  integrity sha512-UjgapumWlbMhkBgzT7Ykc5YXUT46F0iKu8SGXq0bcwP5dz/h0Plj6enJqjz1Zbq2l5WaqYnrVbwWOWMyF3F47g==

sparse-bitfield@^3.0.3:
  version "3.0.3"
  resolved "https://registry.npmjs.org/sparse-bitfield/-/sparse-bitfield-3.0.3.tgz"
  integrity sha512-kvzhi7vqKTfkh0PZU+2D2PIllw2ymqJKujUcyPMd9Y75Nv4nPbGJZXNhxsgdQab2BmlDct1YnfQCguEvHr7VsQ==
  dependencies:
    memory-pager "^1.0.2"

strip-json-comments@^5.0.3:
  version "5.0.3"
  resolved "https://registry.npmjs.org/strip-json-comments/-/strip-json-comments-5.0.3.tgz"
  integrity sha512-1tB5mhVo7U+ETBKNf92xT4hrQa3pm0MZ0PQvuDnWgAAGHDsfp4lPSpiS6psrSiet87wyGPh9ft6wmhOMQ0hDiw==

supports-color@^8.1.1:
  version "8.1.1"
  resolved "https://registry.npmjs.org/supports-color/-/supports-color-8.1.1.tgz"
  integrity sha512-MpUEN2OodtUzxvKQl72cUF7RQ5EiHsGvSsVG0ia9c5RbWGL2CI4C7EpPS8UTBIplnlzZiNuV56w+FuNxy3ty2Q==
  dependencies:
    has-flag "^4.0.0"

supports-preserve-symlinks-flag@^1.0.0:
  version "1.0.0"
  resolved "https://registry.npmjs.org/supports-preserve-symlinks-flag/-/supports-preserve-symlinks-flag-1.0.0.tgz"
  integrity sha512-ot0WnXS9fgdkgIcePe6RHNk1WA8+muPa6cSjeR3V8K27q9BB1rTE3R1p7Hv0z1ZyAc8s6Vvv8DIyWf681MAt0w==

terser@^5.17.4:
  version "5.30.3"
  resolved "https://registry.npmjs.org/terser/-/terser-5.30.3.tgz"
  integrity sha512-STdUgOUx8rLbMGO9IOwHLpCqolkDITFFQSMYYwKE1N2lY6MVSaeoi10z/EhWxRc6ybqoVmKSkhKYH/XUpl7vSA==
  dependencies:
    "@jridgewell/source-map" "^0.3.3"
    acorn "^8.8.2"
    commander "^2.20.0"
    source-map-support "~0.5.20"

tinyexec@^0.3.2:
  version "0.3.2"
  resolved "https://registry.npmjs.org/tinyexec/-/tinyexec-0.3.2.tgz"
  integrity sha512-KQQR9yN7R5+OSwaK0XQoj22pwHoTlgYqmUscPYoknOoWCWfj/5/ABTMRi69FrKU5ffPVh5QcFikpWJI/P1ocHA==

tr46@^5.1.0:
  version "5.1.1"
  resolved "https://registry.npmjs.org/tr46/-/tr46-5.1.1.tgz"
  integrity sha512-hdF5ZgjTqgAntKkklYw0R03MG2x/bSzTtkxmIRw/sTNV8YXsCJ1tfLAX23lhxhHJlEf3CRCOCGGWw3vI3GaSPw==
  dependencies:
    punycode "^2.3.1"

tslib@*, tslib@^2.8.1:
  version "2.8.1"
  resolved "https://registry.npmjs.org/tslib/-/tslib-2.8.1.tgz"
  integrity sha512-oJFu94HQb+KVduSUQL7wnpmqnfmLsOA/nAh6b6EH0wCEoK0/mPeXU6c3wKDV83MkOuHPRHtSXKKU99IBazS/2w==

typescript@^6.0.3, typescript@>=3.7.0:
  version "6.0.3"
  resolved "https://registry.npmjs.org/typescript/-/typescript-6.0.3.tgz"
  integrity sha512-y2TvuxSZPDyQakkFRPZHKFm+KKVqIisdg9/CZwm9ftvKXLP8NRWj38/ODjNbr43SsoXqNuAisEf1GdCxqWcdBw==

undici-types@~8.9.0:
  version "8.9.0"
  resolved "https://registry.npmjs.org/undici-types/-/undici-types-8.9.0.tgz"
  integrity sha512-KTDyRTYX8sWmKXAikPHHSyc63CRPETMctyjKFupcC6OBLXT3xsN0e9aF7m+mIXutFWpUXuedtowG7iLOzp0kQg==

webidl-conversions@^7.0.0:
  version "7.0.0"
  resolved "https://registry.npmjs.org/webidl-conversions/-/webidl-conversions-7.0.0.tgz"
  integrity sha512-VwddBukDzu71offAQR975unBIGqfKZpM+8ZX6ySk8nYhVoo5CYaZyzt3YBvYtRtO+aoGlqxPg/B87NGVZ/fu6g==

whatwg-url@^14.1.0:
  version "14.2.0"
  resolved "https://registry.npmjs.org/whatwg-url/-/whatwg-url-14.2.0.tgz"
  integrity sha512-De72GdQZzNTUBBChsXueQUnPKDkg/5A5zp7pFDuQAj5UFoENpiACU0wlCvzpAGnTkj++ihpKwKyYewn/XNUbKw==
  dependencies:
    tr46 "^5.1.0"
    webidl-conversions "^7.0.0"

workerpool@^10.0.0:
  version "10.0.3"
  resolved "https://registry.npmjs.org/workerpool/-/workerpool-10.0.3.tgz"
  integrity sha512-6z2Iis68Wqth93/G/wJP9u+R3O+d2XTlgWChGCwuT1qLbBsOYueGRZuJ++v3mtDP5KjYdy+WzvWC+VWETSVXJA==
